dependencies:
- name: database
  repository: file://./database
  version: 0.9.7
- name: harness-secrets
  repository: file://./secrets
  version: 0.9.1
- name: rbac
  repository: file://./rbac
  version: 0.9.0
- name: networking
  repository: file://./networking
  version: 0.9.4
digest: sha256:a1d91a341ccc52109a4def67a3dcbe182a56c76774cc51f4ce92a775c075e6fe
generated: "2023-11-24T12:27:57.804734+05:30"
